# This file was autogenerated by Stack.
# You should not edit this file by hand.
# For more information, please see the documentation at:
#   https://docs.haskellstack.org/en/stable/lock_files

packages:
- completed:
    name: jmvOptions
    version: '0.2'
    git: https://github.com/jvilar/jmvOptions.git
    pantry-tree:
      size: 231
      sha256: 2c8e5d4bcd9590490944ff9b38915a09911d154c55e2cebd12d17d158db4b66f
    commit: 5ddff6621f5f76304340c8431a01b0535c42e313
  original:
    git: https://github.com/jvilar/jmvOptions.git
    commit: 5ddff6621f5f76304340c8431a01b0535c42e313
snapshots:
- completed:
    size: 586268
    url: https://raw.githubusercontent.com/commercialhaskell/stackage-snapshots/master/lts/18/13.yaml
    sha256: d9e658a22cfe8d87a64fdf219885f942fef5fe2bcb156a9800174911c5da2443
  original: lts-18.13
